
Microsoft Visual Studio Solution File, Format Version 12.00
# Visual Studio 15
VisualStudioVersion = 15.0.27130.2026
MinimumVisualStudioVersion = 10.0.40219.1
Project("{FAE04EC0-301F-11D3-BF4B-00C04F79EFBC}") = "Cours1Notes", "Cours1Notes\Cours1Notes.csproj", "{F1EB834E-E484-4A72-9338-8FFDD6B3D13C}"
EndProject
Project("{FAE04EC0-301F-11D3-BF4B-00C04F79EFBC}") = "Cours1Exercice", "Cours1Exercice\Cours1Exercice.csproj", "{044D216E-7136-4241-B2A0-FAA40DB64B4E}"
EndProject
Project("{FAE04EC0-301F-11D3-BF4B-00C04F79EFBC}") = "Cours2Exercice", "Cours2Exercice\Cours2Exercice.csproj", "{726131EB-FFA2-4309-AD8D-BB87166D2AD6}"
EndProject
Project("{FAE04EC0-301F-11D3-BF4B-00C04F79EFBC}") = "Cours3Exercice", "Cours3Exercice\Cours3Exercice.csproj", "{0B4EC284-2CE2-468E-AB0E-989080D32BA5}"
EndProject
Project("{FAE04EC0-301F-11D3-BF4B-00C04F79EFBC}") = "Cours4Exercice", "Cours4Exercice\Cours4Exercice.csproj", "{03C1BA8B-89EF-40D4-8111-C07FA70207CC}"
EndProject
Project("{FAE04EC0-301F-11D3-BF4B-00C04F79EFBC}") = "Cours5Exercice", "Cours5Exercice\Cours5Exercice.csproj", "{B4A040B4-267D-442F-90B0-F103FA79C4FD}"
EndProject
Project("{FAE04EC0-301F-11D3-BF4B-00C04F79EFBC}") = "Cours6Exercice", "Cours6Exercice\Cours6Exercice.csproj", "{23A4374F-9434-4B15-B910-A0022879F6E5}"
EndProject
Project("{FAE04EC0-301F-11D3-BF4B-00C04F79EFBC}") = "SQL  TEST", "SQL  TEST\SQL  TEST.csproj", "{A2950F4E-5D7A-402B-9C7A-DCC535D29ADD}"
EndProject
Project("{FAE04EC0-301F-11D3-BF4B-00C04F79EFBC}") = "TODODBSQL", "TODODBSQL\TODODBSQL.csproj", "{FE3ACF0D-577C-45B6-8802-45D05023CDD5}"
EndProject
Project("{FAE04EC0-301F-11D3-BF4B-00C04F79EFBC}") = "Cours7Exercice", "Cours7Exercice\Cours7Exercice.csproj", "{29DAAEB0-610A-4DF4-9ACE-1855C52AFE5B}"
EndProject
Global
	GlobalSection(SolutionConfigurationPlatforms) = preSolution
		Debug|Any CPU = Debug|Any CPU
		Release|Any CPU = Release|Any CPU
	EndGlobalSection
	GlobalSection(ProjectConfigurationPlatforms) = postSolution
		{F1EB834E-E484-4A72-9338-8FFDD6B3D13C}.Debug|Any CPU.ActiveCfg = Debug|Any CPU
		{F1EB834E-E484-4A72-9338-8FFDD6B3D13C}.Debug|Any CPU.Build.0 = Debug|Any CPU
		{F1EB834E-E484-4A72-9338-8FFDD6B3D13C}.Release|Any CPU.ActiveCfg = Release|Any CPU
		{F1EB834E-E484-4A72-9338-8FFDD6B3D13C}.Release|Any CPU.Build.0 = Release|Any CPU
		{044D216E-7136-4241-B2A0-FAA40DB64B4E}.Debug|Any CPU.ActiveCfg = Debug|Any CPU
		{044D216E-7136-4241-B2A0-FAA40DB64B4E}.Debug|Any CPU.Build.0 = Debug|Any CPU
		{044D216E-7136-4241-B2A0-FAA40DB64B4E}.Release|Any CPU.ActiveCfg = Release|Any CPU
		{044D216E-7136-4241-B2A0-FAA40DB64B4E}.Release|Any CPU.Build.0 = Release|Any CPU
		{726131EB-FFA2-4309-AD8D-BB87166D2AD6}.Debug|Any CPU.ActiveCfg = Debug|Any CPU
		{726131EB-FFA2-4309-AD8D-BB87166D2AD6}.Debug|Any CPU.Build.0 = Debug|Any CPU
		{726131EB-FFA2-4309-AD8D-BB87166D2AD6}.Release|Any CPU.ActiveCfg = Release|Any CPU
		{726131EB-FFA2-4309-AD8D-BB87166D2AD6}.Release|Any CPU.Build.0 = Release|Any CPU
		{0B4EC284-2CE2-468E-AB0E-989080D32BA5}.Debug|Any CPU.ActiveCfg = Debug|Any CPU
		{0B4EC284-2CE2-468E-AB0E-989080D32BA5}.Debug|Any CPU.Build.0 = Debug|Any CPU
		{0B4EC284-2CE2-468E-AB0E-989080D32BA5}.Release|Any CPU.ActiveCfg = Release|Any CPU
		{0B4EC284-2CE2-468E-AB0E-989080D32BA5}.Release|Any CPU.Build.0 = Release|Any CPU
		{03C1BA8B-89EF-40D4-8111-C07FA70207CC}.Debug|Any CPU.ActiveCfg = Debug|Any CPU
		{03C1BA8B-89EF-40D4-8111-C07FA70207CC}.Debug|Any CPU.Build.0 = Debug|Any CPU
		{03C1BA8B-89EF-40D4-8111-C07FA70207CC}.Release|Any CPU.ActiveCfg = Release|Any CPU
		{03C1BA8B-89EF-40D4-8111-C07FA70207CC}.Release|Any CPU.Build.0 = Release|Any CPU
		{B4A040B4-267D-442F-90B0-F103FA79C4FD}.Debug|Any CPU.ActiveCfg = Debug|Any CPU
		{B4A040B4-267D-442F-90B0-F103FA79C4FD}.Debug|Any CPU.Build.0 = Debug|Any CPU
		{B4A040B4-267D-442F-90B0-F103FA79C4FD}.Release|Any CPU.ActiveCfg = Release|Any CPU
		{B4A040B4-267D-442F-90B0-F103FA79C4FD}.Release|Any CPU.Build.0 = Release|Any CPU
		{23A4374F-9434-4B15-B910-A0022879F6E5}.Debug|Any CPU.ActiveCfg = Debug|Any CPU
		{23A4374F-9434-4B15-B910-A0022879F6E5}.Debug|Any CPU.Build.0 = Debug|Any CPU
		{23A4374F-9434-4B15-B910-A0022879F6E5}.Release|Any CPU.ActiveCfg = Release|Any CPU
		{23A4374F-9434-4B15-B910-A0022879F6E5}.Release|Any CPU.Build.0 = Release|Any CPU
		{A2950F4E-5D7A-402B-9C7A-DCC535D29ADD}.Debug|Any CPU.ActiveCfg = Debug|Any CPU
		{A2950F4E-5D7A-402B-9C7A-DCC535D29ADD}.Debug|Any CPU.Build.0 = Debug|Any CPU
		{A2950F4E-5D7A-402B-9C7A-DCC535D29ADD}.Release|Any CPU.ActiveCfg = Release|Any CPU
		{A2950F4E-5D7A-402B-9C7A-DCC535D29ADD}.Release|Any CPU.Build.0 = Release|Any CPU
		{FE3ACF0D-577C-45B6-8802-45D05023CDD5}.Debug|Any CPU.ActiveCfg = Debug|Any CPU
		{FE3ACF0D-577C-45B6-8802-45D05023CDD5}.Debug|Any CPU.Build.0 = Debug|Any CPU
		{FE3ACF0D-577C-45B6-8802-45D05023CDD5}.Release|Any CPU.ActiveCfg = Release|Any CPU
		{FE3ACF0D-577C-45B6-8802-45D05023CDD5}.Release|Any CPU.Build.0 = Release|Any CPU
		{29DAAEB0-610A-4DF4-9ACE-1855C52AFE5B}.Debug|Any CPU.ActiveCfg = Debug|Any CPU
		{29DAAEB0-610A-4DF4-9ACE-1855C52AFE5B}.Debug|Any CPU.Build.0 = Debug|Any CPU
		{29DAAEB0-610A-4DF4-9ACE-1855C52AFE5B}.Release|Any CPU.ActiveCfg = Release|Any CPU
		{29DAAEB0-610A-4DF4-9ACE-1855C52AFE5B}.Release|Any CPU.Build.0 = Release|Any CPU
	EndGlobalSection
	GlobalSection(SolutionProperties) = preSolution
		HideSolutionNode = FALSE
	EndGlobalSection
	GlobalSection(ExtensibilityGlobals) = postSolution
		SolutionGuid = {94315E82-67FA-4AFF-809F-3DD095295757}
	EndGlobalSection
EndGlobal
